{
    "version": 3,
    "terraform_version": "0.11.13",
    "serial": 14,
    "lineage": "947a6cdc-fc3a-9104-8a74-e9f23edc529b",
    "modules": [
        {
            "path": [
                "root"
            ],
            "outputs": {},
            "resources": {
                "azurerm_network_interface.myterraformnic": {
                    "type": "azurerm_network_interface",
                    "depends_on": [
                        "azurerm_network_security_group.myterraformnsg",
                        "azurerm_public_ip.myterraformpublicip",
                        "azurerm_resource_group.myterraformgroup",
                        "azurerm_subnet.myterraformsubnet"
                    ],
                    "primary": {
                        "id": "/subscriptions/e0fae348-f6c2-45f5-87b7-c41c22782d8f/resourceGroups/user06ResourceGroup/providers/Microsoft.Network/networkInterfaces/myNIC",
                        "attributes": {
                            "applied_dns_servers.#": "0",
                            "dns_servers.#": "0",
                            "enable_accelerated_networking": "false",
                            "enable_ip_forwarding": "false",
                            "id": "/subscriptions/e0fae348-f6c2-45f5-87b7-c41c22782d8f/resourceGroups/user06ResourceGroup/providers/Microsoft.Network/networkInterfaces/myNIC",
                            "internal_dns_name_label": "",
                            "internal_fqdn": "",
                            "ip_configuration.#": "1",
                            "ip_configuration.0.application_gateway_backend_address_pools_ids.#": "0",
                            "ip_configuration.0.application_security_group_ids.#": "0",
                            "ip_configuration.0.load_balancer_backend_address_pools_ids.#": "0",
                            "ip_configuration.0.load_balancer_inbound_nat_rules_ids.#": "0",
                            "ip_configuration.0.name": "myNicConfiguration",
                            "ip_configuration.0.primary": "true",
                            "ip_configuration.0.private_ip_address": "",
                            "ip_configuration.0.private_ip_address_allocation": "dynamic",
                            "ip_configuration.0.private_ip_address_version": "IPv4",
                            "ip_configuration.0.public_ip_address_id": "/subscriptions/e0fae348-f6c2-45f5-87b7-c41c22782d8f/resourceGroups/user06ResourceGroup/providers/Microsoft.Network/publicIPAddresses/user06PublicIP",
                            "ip_configuration.0.subnet_id": "/subscriptions/e0fae348-f6c2-45f5-87b7-c41c22782d8f/resourceGroups/user06ResourceGroup/providers/Microsoft.Network/virtualNetworks/user06Vnet/subnets/mySubnet1",
                            "location": "koreacentral",
                            "mac_address": "",
                            "name": "myNIC",
                            "network_security_group_id": "/subscriptions/e0fae348-f6c2-45f5-87b7-c41c22782d8f/resourceGroups/user06ResourceGroup/providers/Microsoft.Network/networkSecurityGroups/myNetworkSecurityGroup",
                            "private_ip_address": "6.0.1.4",
                            "private_ip_addresses.#": "1",
                            "private_ip_addresses.0": "6.0.1.4",
                            "resource_group_name": "user06ResourceGroup",
                            "tags.%": "1",
                            "tags.environment": "User06 Demo"
                        },
                        "meta": {},
                        "tainted": false
                    },
                    "deposed": [],
                    "provider": "provider.azurerm"
                },
                "azurerm_network_security_group.myterraformnsg": {
                    "type": "azurerm_network_security_group",
                    "depends_on": [
                        "azurerm_resource_group.myterraformgroup"
                    ],
                    "primary": {
                        "id": "/subscriptions/e0fae348-f6c2-45f5-87b7-c41c22782d8f/resourceGroups/user06ResourceGroup/providers/Microsoft.Network/networkSecurityGroups/myNetworkSecurityGroup",
                        "attributes": {
                            "id": "/subscriptions/e0fae348-f6c2-45f5-87b7-c41c22782d8f/resourceGroups/user06ResourceGroup/providers/Microsoft.Network/networkSecurityGroups/myNetworkSecurityGroup",
                            "location": "koreacentral",
                            "name": "myNetworkSecurityGroup",
                            "resource_group_name": "user06ResourceGroup",
                            "security_rule.#": "2",
                            "security_rule.2090309246.access": "Allow",
                            "security_rule.2090309246.description": "",
                            "security_rule.2090309246.destination_address_prefix": "*",
                            "security_rule.2090309246.destination_address_prefixes.#": "0",
                            "security_rule.2090309246.destination_application_security_group_ids.#": "0",
                            "security_rule.2090309246.destination_port_range": "22",
                            "security_rule.2090309246.destination_port_ranges.#": "0",
                            "security_rule.2090309246.direction": "Inbound",
                            "security_rule.2090309246.name": "SSH",
                            "security_rule.2090309246.priority": "1001",
                            "security_rule.2090309246.protocol": "Tcp",
                            "security_rule.2090309246.source_address_prefix": "*",
                            "security_rule.2090309246.source_address_prefixes.#": "0",
                            "security_rule.2090309246.source_application_security_group_ids.#": "0",
                            "security_rule.2090309246.source_port_range": "*",
                            "security_rule.2090309246.source_port_ranges.#": "0",
                            "security_rule.3367814364.access": "Allow",
                            "security_rule.3367814364.description": "",
                            "security_rule.3367814364.destination_address_prefix": "*",
                            "security_rule.3367814364.destination_address_prefixes.#": "0",
                            "security_rule.3367814364.destination_application_security_group_ids.#": "0",
                            "security_rule.3367814364.destination_port_range": "80",
                            "security_rule.3367814364.destination_port_ranges.#": "0",
                            "security_rule.3367814364.direction": "Inbound",
                            "security_rule.3367814364.name": "HTTP",
                            "security_rule.3367814364.priority": "2001",
                            "security_rule.3367814364.protocol": "Tcp",
                            "security_rule.3367814364.source_address_prefix": "*",
                            "security_rule.3367814364.source_address_prefixes.#": "0",
                            "security_rule.3367814364.source_application_security_group_ids.#": "0",
                            "security_rule.3367814364.source_port_range": "*",
                            "security_rule.3367814364.source_port_ranges.#": "0",
                            "tags.%": "1",
                            "tags.environment": "User06 Demo"
                        },
                        "meta": {},
                        "tainted": false
                    },
                    "deposed": [],
                    "provider": "provider.azurerm"
                },
                "azurerm_public_ip.myterraformpublicip": {
                    "type": "azurerm_public_ip",
                    "depends_on": [
                        "azurerm_resource_group.myterraformgroup"
                    ],
                    "primary": {
                        "id": "/subscriptions/e0fae348-f6c2-45f5-87b7-c41c22782d8f/resourceGroups/user06ResourceGroup/providers/Microsoft.Network/publicIPAddresses/user06PublicIP",
                        "attributes": {
                            "allocation_method": "Dynamic",
                            "id": "/subscriptions/e0fae348-f6c2-45f5-87b7-c41c22782d8f/resourceGroups/user06ResourceGroup/providers/Microsoft.Network/publicIPAddresses/user06PublicIP",
                            "idle_timeout_in_minutes": "4",
                            "ip_address": "",
                            "ip_version": "IPv4",
                            "location": "koreacentral",
                            "name": "user06PublicIP",
                            "public_ip_address_allocation": "Dynamic",
                            "resource_group_name": "user06ResourceGroup",
                            "sku": "Basic",
                            "tags.%": "1",
                            "tags.environment": "User06 Demo",
                            "zones.#": "0"
                        },
                        "meta": {},
                        "tainted": false
                    },
                    "deposed": [],
                    "provider": "provider.azurerm"
                },
                "azurerm_resource_group.myterraformgroup": {
                    "type": "azurerm_resource_group",
                    "depends_on": [],
                    "primary": {
                        "id": "/subscriptions/e0fae348-f6c2-45f5-87b7-c41c22782d8f/resourceGroups/user06ResourceGroup",
                        "attributes": {
                            "id": "/subscriptions/e0fae348-f6c2-45f5-87b7-c41c22782d8f/resourceGroups/user06ResourceGroup",
                            "location": "koreacentral",
                            "name": "user06ResourceGroup",
                            "tags.%": "1",
                            "tags.environment": "user06 Demo"
                        },
                        "meta": {},
                        "tainted": false
                    },
                    "deposed": [],
                    "provider": "provider.azurerm"
                },
                "azurerm_storage_account.mystorageaccount": {
                    "type": "azurerm_storage_account",
                    "depends_on": [
                        "azurerm_resource_group.myterraformgroup",
                        "random_id.randomId"
                    ],
                    "primary": {
                        "id": "/subscriptions/e0fae348-f6c2-45f5-87b7-c41c22782d8f/resourceGroups/user06ResourceGroup/providers/Microsoft.Storage/storageAccounts/diag5b35e37c238e2311",
                        "attributes": {
                            "access_tier": "",
                            "account_encryption_source": "Microsoft.Storage",
                            "account_kind": "Storage",
                            "account_replication_type": "LRS",
                            "account_tier": "Standard",
                            "account_type": "Standard_LRS",
                            "enable_blob_encryption": "true",
                            "enable_file_encryption": "true",
                            "enable_https_traffic_only": "false",
                            "id": "/subscriptions/e0fae348-f6c2-45f5-87b7-c41c22782d8f/resourceGroups/user06ResourceGroup/providers/Microsoft.Storage/storageAccounts/diag5b35e37c238e2311",
                            "identity.#": "0",
                            "is_hns_enabled": "false",
                            "location": "koreacentral",
                            "name": "diag5b35e37c238e2311",
                            "network_rules.#": "0",
                            "primary_access_key": "EMdNbwoECWEIolks4ll8yHXA98fk2msSB7+B35YpXKXR3Xb3xskOIJ2c6n3V66p5COHlvxv7aSRIsurP3iOluw==",
                            "primary_blob_connection_string": "DefaultEndpointsProtocol=https;BlobEndpoint=https://diag5b35e37c238e2311.blob.core.windows.net/;AccountName=diag5b35e37c238e2311;AccountKey=EMdNbwoECWEIolks4ll8yHXA98fk2msSB7+B35YpXKXR3Xb3xskOIJ2c6n3V66p5COHlvxv7aSRIsurP3iOluw==",
                            "primary_blob_endpoint": "https://diag5b35e37c238e2311.blob.core.windows.net/",
                            "primary_blob_host": "diag5b35e37c238e2311.blob.core.windows.net",
                            "primary_connection_string": "DefaultEndpointsProtocol=https;AccountName=diag5b35e37c238e2311;AccountKey=EMdNbwoECWEIolks4ll8yHXA98fk2msSB7+B35YpXKXR3Xb3xskOIJ2c6n3V66p5COHlvxv7aSRIsurP3iOluw==;EndpointSuffix=core.windows.net",
                            "primary_dfs_endpoint": "",
                            "primary_dfs_host": "",
                            "primary_file_endpoint": "https://diag5b35e37c238e2311.file.core.windows.net/",
                            "primary_file_host": "diag5b35e37c238e2311.file.core.windows.net",
                            "primary_location": "koreacentral",
                            "primary_queue_endpoint": "https://diag5b35e37c238e2311.queue.core.windows.net/",
                            "primary_queue_host": "diag5b35e37c238e2311.queue.core.windows.net",
                            "primary_table_endpoint": "https://diag5b35e37c238e2311.table.core.windows.net/",
                            "primary_table_host": "diag5b35e37c238e2311.table.core.windows.net",
                            "primary_web_endpoint": "",
                            "primary_web_host": "",
                            "resource_group_name": "user06ResourceGroup",
                            "secondary_access_key": "jDivR+MndCk7xF4JI/0gjj6yZ1H86tndBELm9GVUfb6c/STDjjbz8Cych2yeRukvjOPdiutsbg/m8wZT499b2w==",
                            "secondary_blob_connection_string": "",
                            "secondary_connection_string": "DefaultEndpointsProtocol=https;AccountName=diag5b35e37c238e2311;AccountKey=jDivR+MndCk7xF4JI/0gjj6yZ1H86tndBELm9GVUfb6c/STDjjbz8Cych2yeRukvjOPdiutsbg/m8wZT499b2w==;EndpointSuffix=core.windows.net",
                            "secondary_location": "",
                            "tags.%": "1",
                            "tags.environment": "User06 Demo"
                        },
                        "meta": {
                            "schema_version": "2"
                        },
                        "tainted": false
                    },
                    "deposed": [],
                    "provider": "provider.azurerm"
                },
                "azurerm_subnet.myterraformsubnet": {
                    "type": "azurerm_subnet",
                    "depends_on": [
                        "azurerm_resource_group.myterraformgroup",
                        "azurerm_virtual_network.myterraformnetwork"
                    ],
                    "primary": {
                        "id": "/subscriptions/e0fae348-f6c2-45f5-87b7-c41c22782d8f/resourceGroups/user06ResourceGroup/providers/Microsoft.Network/virtualNetworks/user06Vnet/subnets/mySubnet1",
                        "attributes": {
                            "address_prefix": "6.0.1.0/24",
                            "delegation.#": "0",
                            "id": "/subscriptions/e0fae348-f6c2-45f5-87b7-c41c22782d8f/resourceGroups/user06ResourceGroup/providers/Microsoft.Network/virtualNetworks/user06Vnet/subnets/mySubnet1",
                            "ip_configurations.#": "1",
                            "ip_configurations.68078260": "/subscriptions/e0fae348-f6c2-45f5-87b7-c41c22782d8f/resourceGroups/user06ResourceGroup/providers/Microsoft.Network/networkInterfaces/myNIC/ipConfigurations/myNicConfiguration",
                            "name": "mySubnet1",
                            "network_security_group_id": "",
                            "resource_group_name": "user06ResourceGroup",
                            "route_table_id": "",
                            "service_endpoints.#": "0",
                            "virtual_network_name": "user06Vnet"
                        },
                        "meta": {},
                        "tainted": false
                    },
                    "deposed": [],
                    "provider": "provider.azurerm"
                },
                "azurerm_virtual_machine.myterraformvm": {
                    "type": "azurerm_virtual_machine",
                    "depends_on": [
                        "azurerm_network_interface.myterraformnic",
                        "azurerm_resource_group.myterraformgroup",
                        "azurerm_storage_account.mystorageaccount"
                    ],
                    "primary": {
                        "id": "/subscriptions/e0fae348-f6c2-45f5-87b7-c41c22782d8f/resourceGroups/user06ResourceGroup/providers/Microsoft.Compute/virtualMachines/myVM",
                        "attributes": {
                            "boot_diagnostics.#": "1",
                            "boot_diagnostics.0.enabled": "true",
                            "boot_diagnostics.0.storage_uri": "https://diag5b35e37c238e2311.blob.core.windows.net/",
                            "delete_data_disks_on_termination": "false",
                            "delete_os_disk_on_termination": "false",
                            "id": "/subscriptions/e0fae348-f6c2-45f5-87b7-c41c22782d8f/resourceGroups/user06ResourceGroup/providers/Microsoft.Compute/virtualMachines/myVM",
                            "identity.#": "0",
                            "location": "koreacentral",
                            "name": "myVM",
                            "network_interface_ids.#": "1",
                            "network_interface_ids.0": "/subscriptions/e0fae348-f6c2-45f5-87b7-c41c22782d8f/resourceGroups/user06ResourceGroup/providers/Microsoft.Network/networkInterfaces/myNIC",
                            "os_profile.#": "1",
                            "os_profile.1998513646.admin_password": "",
                            "os_profile.1998513646.admin_username": "azureuser",
                            "os_profile.1998513646.computer_name": "user06vm",
                            "os_profile.1998513646.custom_data": "",
                            "os_profile_linux_config.#": "1",
                            "os_profile_linux_config.69840937.disable_password_authentication": "true",
                            "os_profile_linux_config.69840937.ssh_keys.#": "1",
                            "os_profile_linux_config.69840937.ssh_keys.0.key_data": "ssh-rsa AAAAB3NzaC1yc2EAAAADAQABAAABAQC4dmjRHo+Ay6NdPA3xC8RYP3YQl8YmIJvic2HUejfoyjP9FwxcI+IVPvKJdLqDjDpXBx4DOdedVv1jAZ/bomIvz6RaYcTVeR5Hg+7t2sg4Zf5noAmXMsWTqToVxoFsRyBY4T/qgI0sHoEUOKVI7aNX+WimmX8Dzatxei8BVBnnxHTfJoPMV3/rXZYL/2ubqpcIQ4jWL268Rx67tlOmpH+tTAKPIzGDX1fT2xliAO5Y4ovuT8SSSlLZ4WulyLIHSYJ4c9ZlHbcvDKHCv9kov24c3lhMEpV6RoZCaRtVec38X5F5Mi0zxfhkat4pY5yMDk8gGw+biPHmcM0HxP+x5UoJ user06@cc-9cc36db7-59b5c48d94-9nq88",
                            "os_profile_linux_config.69840937.ssh_keys.0.path": "/home/azureuser/.ssh/authorized_keys",
                            "os_profile_secrets.#": "0",
                            "os_profile_windows_config.#": "0",
                            "plan.#": "0",
                            "resource_group_name": "user06ResourceGroup",
                            "storage_data_disk.#": "0",
                            "storage_image_reference.#": "1",
                            "storage_image_reference.363552096.id": "",
                            "storage_image_reference.363552096.offer": "UbuntuServer",
                            "storage_image_reference.363552096.publisher": "Canonical",
                            "storage_image_reference.363552096.sku": "16.04.0-LTS",
                            "storage_image_reference.363552096.version": "latest",
                            "storage_os_disk.#": "1",
                            "storage_os_disk.0.caching": "ReadWrite",
                            "storage_os_disk.0.create_option": "FromImage",
                            "storage_os_disk.0.disk_size_gb": "30",
                            "storage_os_disk.0.image_uri": "",
                            "storage_os_disk.0.managed_disk_id": "/subscriptions/e0fae348-f6c2-45f5-87b7-c41c22782d8f/resourceGroups/user06ResourceGroup/providers/Microsoft.Compute/disks/myOsDisk",
                            "storage_os_disk.0.managed_disk_type": "Premium_LRS",
                            "storage_os_disk.0.name": "myOsDisk",
                            "storage_os_disk.0.os_type": "Linux",
                            "storage_os_disk.0.vhd_uri": "",
                            "storage_os_disk.0.write_accelerator_enabled": "false",
                            "tags.%": "1",
                            "tags.environment": "User06 Demo",
                            "vm_size": "Standard_DS1_v2",
                            "zones.#": "0"
                        },
                        "meta": {},
                        "tainted": false
                    },
                    "deposed": [],
                    "provider": "provider.azurerm"
                },
                "azurerm_virtual_network.myterraformnetwork": {
                    "type": "azurerm_virtual_network",
                    "depends_on": [
                        "azurerm_resource_group.myterraformgroup"
                    ],
                    "primary": {
                        "id": "/subscriptions/e0fae348-f6c2-45f5-87b7-c41c22782d8f/resourceGroups/user06ResourceGroup/providers/Microsoft.Network/virtualNetworks/user06Vnet",
                        "attributes": {
                            "address_space.#": "1",
                            "address_space.0": "6.0.0.0/16",
                            "ddos_protection_plan.#": "0",
                            "dns_servers.#": "0",
                            "id": "/subscriptions/e0fae348-f6c2-45f5-87b7-c41c22782d8f/resourceGroups/user06ResourceGroup/providers/Microsoft.Network/virtualNetworks/user06Vnet",
                            "location": "koreacentral",
                            "name": "user06Vnet",
                            "resource_group_name": "user06ResourceGroup",
                            "subnet.#": "1",
                            "subnet.4031007021.address_prefix": "6.0.1.0/24",
                            "subnet.4031007021.id": "/subscriptions/e0fae348-f6c2-45f5-87b7-c41c22782d8f/resourceGroups/user06ResourceGroup/providers/Microsoft.Network/virtualNetworks/user06Vnet/subnets/mySubnet1",
                            "subnet.4031007021.name": "mySubnet1",
                            "subnet.4031007021.security_group": "",
                            "tags.%": "1",
                            "tags.environment": "User06 Demo"
                        },
                        "meta": {},
                        "tainted": false
                    },
                    "deposed": [],
                    "provider": "provider.azurerm"
                },
                "random_id.randomId": {
                    "type": "random_id",
                    "depends_on": [
                        "azurerm_resource_group.myterraformgroup"
                    ],
                    "primary": {
                        "id": "WzXjfCOOIxE",
                        "attributes": {
                            "b64": "WzXjfCOOIxE",
                            "b64_std": "WzXjfCOOIxE=",
                            "b64_url": "WzXjfCOOIxE",
                            "byte_length": "8",
                            "dec": "6572409353529074449",
                            "hex": "5b35e37c238e2311",
                            "id": "WzXjfCOOIxE",
                            "keepers.%": "1",
                            "keepers.resource_group": "user06ResourceGroup"
                        },
                        "meta": {},
                        "tainted": false
                    },
                    "deposed": [],
                    "provider": "provider.random"
                }
            },
            "depends_on": []
        }
    ]
}
